
Microsoft Visual Studio Solution File, Format Version 12.00
# Visual Studio 14
VisualStudioVersion = 14.0.25420.1
MinimumVisualStudioVersion = 10.0.40219.1
Project("{FAE04EC0-301F-11D3-BF4B-00C04F79EFBC}") = "Vsme.Droid", "Vsme\Vsme.Droid\Vsme.Droid.csproj", "{863BA694-4225-4F8A-A1C5-6A0944FF1BA8}"
EndProject
Project("{FAE04EC0-301F-11D3-BF4B-00C04F79EFBC}") = "Vsme.iOS", "Vsme\Vsme.iOS\Vsme.iOS.csproj", "{E716098B-6E9A-45C0-A6D1-058709F9F48F}"
EndProject
Project("{FAE04EC0-301F-11D3-BF4B-00C04F79EFBC}") = "Vsme.WinPhone", "Vsme\Vsme.WinPhone\Vsme.WinPhone.csproj", "{96486C84-13FC-46C3-AAF5-D5E0A5A33F29}"
EndProject
Project("{FAE04EC0-301F-11D3-BF4B-00C04F79EFBC}") = "Vsme.UWP", "Vsme\Vsme.UWP\Vsme.UWP.csproj", "{D8469431-22EF-42BA-8664-8861D037550B}"
EndProject
Project("{FAE04EC0-301F-11D3-BF4B-00C04F79EFBC}") = "Vsme.Windows", "Vsme\Vsme.Windows\Vsme.Windows.csproj", "{5824F9FA-13EF-4697-BEB3-725D6F24A590}"
EndProject
Project("{FAE04EC0-301F-11D3-BF4B-00C04F79EFBC}") = "Vsme", "Vsme\Vsme\Vsme.csproj", "{069BDAB4-67EF-4833-A676-49B390335BE8}"
EndProject
Global
	GlobalSection(SolutionConfigurationPlatforms) = preSolution
		Ad-Hoc|Any CPU = Ad-Hoc|Any CPU
		Ad-Hoc|ARM = Ad-Hoc|ARM
		Ad-Hoc|iPhone = Ad-Hoc|iPhone
		Ad-Hoc|iPhoneSimulator = Ad-Hoc|iPhoneSimulator
		Ad-Hoc|x64 = Ad-Hoc|x64
		Ad-Hoc|x86 = Ad-Hoc|x86
		AppStore|Any CPU = AppStore|Any CPU
		AppStore|ARM = AppStore|ARM
		AppStore|iPhone = AppStore|iPhone
		AppStore|iPhoneSimulator = AppStore|iPhoneSimulator
		AppStore|x64 = AppStore|x64
		AppStore|x86 = AppStore|x86
		Debug|Any CPU = Debug|Any CPU
		Debug|ARM = Debug|ARM
		Debug|iPhone = Debug|iPhone
		Debug|iPhoneSimulator = Debug|iPhoneSimulator
		Debug|x64 = Debug|x64
		Debug|x86 = Debug|x86
		Release|Any CPU = Release|Any CPU
		Release|ARM = Release|ARM
		Release|iPhone = Release|iPhone
		Release|iPhoneSimulator = Release|iPhoneSimulator
		Release|x64 = Release|x64
		Release|x86 = Release|x86
	EndGlobalSection
	GlobalSection(ProjectConfigurationPlatforms) = postSolution
		{863BA694-4225-4F8A-A1C5-6A0944FF1BA8}.Ad-Hoc|Any CPU.ActiveCfg = Release|Any CPU
		{863BA694-4225-4F8A-A1C5-6A0944FF1BA8}.Ad-Hoc|Any CPU.Build.0 = Release|Any CPU
		{863BA694-4225-4F8A-A1C5-6A0944FF1BA8}.Ad-Hoc|Any CPU.Deploy.0 = Release|Any CPU
		{863BA694-4225-4F8A-A1C5-6A0944FF1BA8}.Ad-Hoc|ARM.ActiveCfg = Release|Any CPU
		{863BA694-4225-4F8A-A1C5-6A0944FF1BA8}.Ad-Hoc|ARM.Build.0 = Release|Any CPU
		{863BA694-4225-4F8A-A1C5-6A0944FF1BA8}.Ad-Hoc|ARM.Deploy.0 = Release|Any CPU
		{863BA694-4225-4F8A-A1C5-6A0944FF1BA8}.Ad-Hoc|iPhone.ActiveCfg = Release|Any CPU
		{863BA694-4225-4F8A-A1C5-6A0944FF1BA8}.Ad-Hoc|iPhone.Build.0 = Release|Any CPU
		{863BA694-4225-4F8A-A1C5-6A0944FF1BA8}.Ad-Hoc|iPhone.Deploy.0 = Release|Any CPU
		{863BA694-4225-4F8A-A1C5-6A0944FF1BA8}.Ad-Hoc|iPhoneSimulator.ActiveCfg = Release|Any CPU
		{863BA694-4225-4F8A-A1C5-6A0944FF1BA8}.Ad-Hoc|iPhoneSimulator.Build.0 = Release|Any CPU
		{863BA694-4225-4F8A-A1C5-6A0944FF1BA8}.Ad-Hoc|iPhoneSimulator.Deploy.0 = Release|Any CPU
		{863BA694-4225-4F8A-A1C5-6A0944FF1BA8}.Ad-Hoc|x64.ActiveCfg = Release|Any CPU
		{863BA694-4225-4F8A-A1C5-6A0944FF1BA8}.Ad-Hoc|x64.Build.0 = Release|Any CPU
		{863BA694-4225-4F8A-A1C5-6A0944FF1BA8}.Ad-Hoc|x64.Deploy.0 = Release|Any CPU
		{863BA694-4225-4F8A-A1C5-6A0944FF1BA8}.Ad-Hoc|x86.ActiveCfg = Release|Any CPU
		{863BA694-4225-4F8A-A1C5-6A0944FF1BA8}.Ad-Hoc|x86.Build.0 = Release|Any CPU
		{863BA694-4225-4F8A-A1C5-6A0944FF1BA8}.Ad-Hoc|x86.Deploy.0 = Release|Any CPU
		{863BA694-4225-4F8A-A1C5-6A0944FF1BA8}.AppStore|Any CPU.ActiveCfg = Release|Any CPU
		{863BA694-4225-4F8A-A1C5-6A0944FF1BA8}.AppStore|Any CPU.Build.0 = Release|Any CPU
		{863BA694-4225-4F8A-A1C5-6A0944FF1BA8}.AppStore|Any CPU.Deploy.0 = Release|Any CPU
		{863BA694-4225-4F8A-A1C5-6A0944FF1BA8}.AppStore|ARM.ActiveCfg = Release|Any CPU
		{863BA694-4225-4F8A-A1C5-6A0944FF1BA8}.AppStore|ARM.Build.0 = Release|Any CPU
		{863BA694-4225-4F8A-A1C5-6A0944FF1BA8}.AppStore|ARM.Deploy.0 = Release|Any CPU
		{863BA694-4225-4F8A-A1C5-6A0944FF1BA8}.AppStore|iPhone.ActiveCfg = Release|Any CPU
		{863BA694-4225-4F8A-A1C5-6A0944FF1BA8}.AppStore|iPhone.Build.0 = Release|Any CPU
		{863BA694-4225-4F8A-A1C5-6A0944FF1BA8}.AppStore|iPhone.Deploy.0 = Release|Any CPU
		{863BA694-4225-4F8A-A1C5-6A0944FF1BA8}.AppStore|iPhoneSimulator.ActiveCfg = Release|Any CPU
		{863BA694-4225-4F8A-A1C5-6A0944FF1BA8}.AppStore|iPhoneSimulator.Build.0 = Release|Any CPU
		{863BA694-4225-4F8A-A1C5-6A0944FF1BA8}.AppStore|iPhoneSimulator.Deploy.0 = Release|Any CPU
		{863BA694-4225-4F8A-A1C5-6A0944FF1BA8}.AppStore|x64.ActiveCfg = Release|Any CPU
		{863BA694-4225-4F8A-A1C5-6A0944FF1BA8}.AppStore|x64.Build.0 = Release|Any CPU
		{863BA694-4225-4F8A-A1C5-6A0944FF1BA8}.AppStore|x64.Deploy.0 = Release|Any CPU
		{863BA694-4225-4F8A-A1C5-6A0944FF1BA8}.AppStore|x86.ActiveCfg = Release|Any CPU
		{863BA694-4225-4F8A-A1C5-6A0944FF1BA8}.AppStore|x86.Build.0 = Release|Any CPU
		{863BA694-4225-4F8A-A1C5-6A0944FF1BA8}.AppStore|x86.Deploy.0 = Release|Any CPU
		{863BA694-4225-4F8A-A1C5-6A0944FF1BA8}.Debug|Any CPU.ActiveCfg = Debug|Any CPU
		{863BA694-4225-4F8A-A1C5-6A0944FF1BA8}.Debug|Any CPU.Build.0 = Debug|Any CPU
		{863BA694-4225-4F8A-A1C5-6A0944FF1BA8}.Debug|Any CPU.Deploy.0 = Debug|Any CPU
		{863BA694-4225-4F8A-A1C5-6A0944FF1BA8}.Debug|ARM.ActiveCfg = Debug|Any CPU
		{863BA694-4225-4F8A-A1C5-6A0944FF1BA8}.Debug|ARM.Build.0 = Debug|Any CPU
		{863BA694-4225-4F8A-A1C5-6A0944FF1BA8}.Debug|ARM.Deploy.0 = Debug|Any CPU
		{863BA694-4225-4F8A-A1C5-6A0944FF1BA8}.Debug|iPhone.ActiveCfg = Debug|Any CPU
		{863BA694-4225-4F8A-A1C5-6A0944FF1BA8}.Debug|iPhone.Build.0 = Debug|Any CPU
		{863BA694-4225-4F8A-A1C5-6A0944FF1BA8}.Debug|iPhone.Deploy.0 = Debug|Any CPU
		{863BA694-4225-4F8A-A1C5-6A0944FF1BA8}.Debug|iPhoneSimulator.ActiveCfg = Debug|Any CPU
		{863BA694-4225-4F8A-A1C5-6A0944FF1BA8}.Debug|iPhoneSimulator.Build.0 = Debug|Any CPU
		{863BA694-4225-4F8A-A1C5-6A0944FF1BA8}.Debug|iPhoneSimulator.Deploy.0 = Debug|Any CPU
		{863BA694-4225-4F8A-A1C5-6A0944FF1BA8}.Debug|x64.ActiveCfg = Debug|Any CPU
		{863BA694-4225-4F8A-A1C5-6A0944FF1BA8}.Debug|x64.Build.0 = Debug|Any CPU
		{863BA694-4225-4F8A-A1C5-6A0944FF1BA8}.Debug|x64.Deploy.0 = Debug|Any CPU
		{863BA694-4225-4F8A-A1C5-6A0944FF1BA8}.Debug|x86.ActiveCfg = Debug|Any CPU
		{863BA694-4225-4F8A-A1C5-6A0944FF1BA8}.Debug|x86.Build.0 = Debug|Any CPU
		{863BA694-4225-4F8A-A1C5-6A0944FF1BA8}.Debug|x86.Deploy.0 = Debug|Any CPU
		{863BA694-4225-4F8A-A1C5-6A0944FF1BA8}.Release|Any CPU.ActiveCfg = Release|Any CPU
		{863BA694-4225-4F8A-A1C5-6A0944FF1BA8}.Release|Any CPU.Build.0 = Release|Any CPU
		{863BA694-4225-4F8A-A1C5-6A0944FF1BA8}.Release|Any CPU.Deploy.0 = Release|Any CPU
		{863BA694-4225-4F8A-A1C5-6A0944FF1BA8}.Release|ARM.ActiveCfg = Release|Any CPU
		{863BA694-4225-4F8A-A1C5-6A0944FF1BA8}.Release|ARM.Build.0 = Release|Any CPU
		{863BA694-4225-4F8A-A1C5-6A0944FF1BA8}.Release|ARM.Deploy.0 = Release|Any CPU
		{863BA694-4225-4F8A-A1C5-6A0944FF1BA8}.Release|iPhone.ActiveCfg = Release|Any CPU
		{863BA694-4225-4F8A-A1C5-6A0944FF1BA8}.Release|iPhone.Build.0 = Release|Any CPU
		{863BA694-4225-4F8A-A1C5-6A0944FF1BA8}.Release|iPhone.Deploy.0 = Release|Any CPU
		{863BA694-4225-4F8A-A1C5-6A0944FF1BA8}.Release|iPhoneSimulator.ActiveCfg = Release|Any CPU
		{863BA694-4225-4F8A-A1C5-6A0944FF1BA8}.Release|iPhoneSimulator.Build.0 = Release|Any CPU
		{863BA694-4225-4F8A-A1C5-6A0944FF1BA8}.Release|iPhoneSimulator.Deploy.0 = Release|Any CPU
		{863BA694-4225-4F8A-A1C5-6A0944FF1BA8}.Release|x64.ActiveCfg = Release|Any CPU
		{863BA694-4225-4F8A-A1C5-6A0944FF1BA8}.Release|x64.Build.0 = Release|Any CPU
		{863BA694-4225-4F8A-A1C5-6A0944FF1BA8}.Release|x64.Deploy.0 = Release|Any CPU
		{863BA694-4225-4F8A-A1C5-6A0944FF1BA8}.Release|x86.ActiveCfg = Release|Any CPU
		{863BA694-4225-4F8A-A1C5-6A0944FF1BA8}.Release|x86.Build.0 = Release|Any CPU
		{863BA694-4225-4F8A-A1C5-6A0944FF1BA8}.Release|x86.Deploy.0 = Release|Any CPU
		{E716098B-6E9A-45C0-A6D1-058709F9F48F}.Ad-Hoc|Any CPU.ActiveCfg = Ad-Hoc|iPhone
		{E716098B-6E9A-45C0-A6D1-058709F9F48F}.Ad-Hoc|ARM.ActiveCfg = Ad-Hoc|iPhone
		{E716098B-6E9A-45C0-A6D1-058709F9F48F}.Ad-Hoc|iPhone.ActiveCfg = Ad-Hoc|iPhone
		{E716098B-6E9A-45C0-A6D1-058709F9F48F}.Ad-Hoc|iPhone.Build.0 = Ad-Hoc|iPhone
		{E716098B-6E9A-45C0-A6D1-058709F9F48F}.Ad-Hoc|iPhoneSimulator.ActiveCfg = Ad-Hoc|iPhoneSimulator
		{E716098B-6E9A-45C0-A6D1-058709F9F48F}.Ad-Hoc|iPhoneSimulator.Build.0 = Ad-Hoc|iPhoneSimulator
		{E716098B-6E9A-45C0-A6D1-058709F9F48F}.Ad-Hoc|x64.ActiveCfg = Ad-Hoc|iPhone
		{E716098B-6E9A-45C0-A6D1-058709F9F48F}.Ad-Hoc|x86.ActiveCfg = Ad-Hoc|iPhone
		{E716098B-6E9A-45C0-A6D1-058709F9F48F}.AppStore|Any CPU.ActiveCfg = AppStore|iPhone
		{E716098B-6E9A-45C0-A6D1-058709F9F48F}.AppStore|ARM.ActiveCfg = AppStore|iPhone
		{E716098B-6E9A-45C0-A6D1-058709F9F48F}.AppStore|iPhone.ActiveCfg = AppStore|iPhone
		{E716098B-6E9A-45C0-A6D1-058709F9F48F}.AppStore|iPhone.Build.0 = AppStore|iPhone
		{E716098B-6E9A-45C0-A6D1-058709F9F48F}.AppStore|iPhoneSimulator.ActiveCfg = AppStore|iPhoneSimulator
		{E716098B-6E9A-45C0-A6D1-058709F9F48F}.AppStore|iPhoneSimulator.Build.0 = AppStore|iPhoneSimulator
		{E716098B-6E9A-45C0-A6D1-058709F9F48F}.AppStore|x64.ActiveCfg = AppStore|iPhone
		{E716098B-6E9A-45C0-A6D1-058709F9F48F}.AppStore|x86.ActiveCfg = AppStore|iPhone
		{E716098B-6E9A-45C0-A6D1-058709F9F48F}.Debug|Any CPU.ActiveCfg = Debug|iPhone
		{E716098B-6E9A-45C0-A6D1-058709F9F48F}.Debug|ARM.ActiveCfg = Debug|iPhone
		{E716098B-6E9A-45C0-A6D1-058709F9F48F}.Debug|iPhone.ActiveCfg = Debug|iPhone
		{E716098B-6E9A-45C0-A6D1-058709F9F48F}.Debug|iPhone.Build.0 = Debug|iPhone
		{E716098B-6E9A-45C0-A6D1-058709F9F48F}.Debug|iPhoneSimulator.ActiveCfg = Debug|iPhoneSimulator
		{E716098B-6E9A-45C0-A6D1-058709F9F48F}.Debug|iPhoneSimulator.Build.0 = Debug|iPhoneSimulator
		{E716098B-6E9A-45C0-A6D1-058709F9F48F}.Debug|x64.ActiveCfg = Debug|iPhone
		{E716098B-6E9A-45C0-A6D1-058709F9F48F}.Debug|x86.ActiveCfg = Debug|iPhone
		{E716098B-6E9A-45C0-A6D1-058709F9F48F}.Release|Any CPU.ActiveCfg = Release|iPhone
		{E716098B-6E9A-45C0-A6D1-058709F9F48F}.Release|ARM.ActiveCfg = Release|iPhone
		{E716098B-6E9A-45C0-A6D1-058709F9F48F}.Release|iPhone.ActiveCfg = Release|iPhone
		{E716098B-6E9A-45C0-A6D1-058709F9F48F}.Release|iPhone.Build.0 = Release|iPhone
		{E716098B-6E9A-45C0-A6D1-058709F9F48F}.Release|iPhoneSimulator.ActiveCfg = Release|iPhoneSimulator
		{E716098B-6E9A-45C0-A6D1-058709F9F48F}.Release|iPhoneSimulator.Build.0 = Release|iPhoneSimulator
		{E716098B-6E9A-45C0-A6D1-058709F9F48F}.Release|x64.ActiveCfg = Release|iPhone
		{E716098B-6E9A-45C0-A6D1-058709F9F48F}.Release|x86.ActiveCfg = Release|iPhone
		{96486C84-13FC-46C3-AAF5-D5E0A5A33F29}.Ad-Hoc|Any CPU.ActiveCfg = Release|Any CPU
		{96486C84-13FC-46C3-AAF5-D5E0A5A33F29}.Ad-Hoc|Any CPU.Build.0 = Release|Any CPU
		{96486C84-13FC-46C3-AAF5-D5E0A5A33F29}.Ad-Hoc|Any CPU.Deploy.0 = Release|Any CPU
		{96486C84-13FC-46C3-AAF5-D5E0A5A33F29}.Ad-Hoc|ARM.ActiveCfg = Release|ARM
		{96486C84-13FC-46C3-AAF5-D5E0A5A33F29}.Ad-Hoc|ARM.Build.0 = Release|ARM
		{96486C84-13FC-46C3-AAF5-D5E0A5A33F29}.Ad-Hoc|ARM.Deploy.0 = Release|ARM
		{96486C84-13FC-46C3-AAF5-D5E0A5A33F29}.Ad-Hoc|iPhone.ActiveCfg = Release|Any CPU
		{96486C84-13FC-46C3-AAF5-D5E0A5A33F29}.Ad-Hoc|iPhone.Build.0 = Release|Any CPU
		{96486C84-13FC-46C3-AAF5-D5E0A5A33F29}.Ad-Hoc|iPhone.Deploy.0 = Release|Any CPU
		{96486C84-13FC-46C3-AAF5-D5E0A5A33F29}.Ad-Hoc|iPhoneSimulator.ActiveCfg = Release|Any CPU
		{96486C84-13FC-46C3-AAF5-D5E0A5A33F29}.Ad-Hoc|iPhoneSimulator.Build.0 = Release|Any CPU
		{96486C84-13FC-46C3-AAF5-D5E0A5A33F29}.Ad-Hoc|iPhoneSimulator.Deploy.0 = Release|Any CPU
		{96486C84-13FC-46C3-AAF5-D5E0A5A33F29}.Ad-Hoc|x64.ActiveCfg = Release|Any CPU
		{96486C84-13FC-46C3-AAF5-D5E0A5A33F29}.Ad-Hoc|x64.Build.0 = Release|Any CPU
		{96486C84-13FC-46C3-AAF5-D5E0A5A33F29}.Ad-Hoc|x64.Deploy.0 = Release|Any CPU
		{96486C84-13FC-46C3-AAF5-D5E0A5A33F29}.Ad-Hoc|x86.ActiveCfg = Release|x86
		{96486C84-13FC-46C3-AAF5-D5E0A5A33F29}.Ad-Hoc|x86.Build.0 = Release|x86
		{96486C84-13FC-46C3-AAF5-D5E0A5A33F29}.Ad-Hoc|x86.Deploy.0 = Release|x86
		{96486C84-13FC-46C3-AAF5-D5E0A5A33F29}.AppStore|Any CPU.ActiveCfg = Release|Any CPU
		{96486C84-13FC-46C3-AAF5-D5E0A5A33F29}.AppStore|Any CPU.Build.0 = Release|Any CPU
		{96486C84-13FC-46C3-AAF5-D5E0A5A33F29}.AppStore|Any CPU.Deploy.0 = Release|Any CPU
		{96486C84-13FC-46C3-AAF5-D5E0A5A33F29}.AppStore|ARM.ActiveCfg = Release|ARM
		{96486C84-13FC-46C3-AAF5-D5E0A5A33F29}.AppStore|ARM.Build.0 = Release|ARM
		{96486C84-13FC-46C3-AAF5-D5E0A5A33F29}.AppStore|ARM.Deploy.0 = Release|ARM
		{96486C84-13FC-46C3-AAF5-D5E0A5A33F29}.AppStore|iPhone.ActiveCfg = Release|Any CPU
		{96486C84-13FC-46C3-AAF5-D5E0A5A33F29}.AppStore|iPhone.Build.0 = Release|Any CPU
		{96486C84-13FC-46C3-AAF5-D5E0A5A33F29}.AppStore|iPhone.Deploy.0 = Release|Any CPU
		{96486C84-13FC-46C3-AAF5-D5E0A5A33F29}.AppStore|iPhoneSimulator.ActiveCfg = Release|Any CPU
		{96486C84-13FC-46C3-AAF5-D5E0A5A33F29}.AppStore|iPhoneSimulator.Build.0 = Release|Any CPU
		{96486C84-13FC-46C3-AAF5-D5E0A5A33F29}.AppStore|iPhoneSimulator.Deploy.0 = Release|Any CPU
		{96486C84-13FC-46C3-AAF5-D5E0A5A33F29}.AppStore|x64.ActiveCfg = Release|Any CPU
		{96486C84-13FC-46C3-AAF5-D5E0A5A33F29}.AppStore|x64.Build.0 = Release|Any CPU
		{96486C84-13FC-46C3-AAF5-D5E0A5A33F29}.AppStore|x64.Deploy.0 = Release|Any CPU
		{96486C84-13FC-46C3-AAF5-D5E0A5A33F29}.AppStore|x86.ActiveCfg = Release|x86
		{96486C84-13FC-46C3-AAF5-D5E0A5A33F29}.AppStore|x86.Build.0 = Release|x86
		{96486C84-13FC-46C3-AAF5-D5E0A5A33F29}.AppStore|x86.Deploy.0 = Release|x86
		{96486C84-13FC-46C3-AAF5-D5E0A5A33F29}.Debug|Any CPU.ActiveCfg = Debug|Any CPU
		{96486C84-13FC-46C3-AAF5-D5E0A5A33F29}.Debug|Any CPU.Build.0 = Debug|Any CPU
		{96486C84-13FC-46C3-AAF5-D5E0A5A33F29}.Debug|Any CPU.Deploy.0 = Debug|Any CPU
		{96486C84-13FC-46C3-AAF5-D5E0A5A33F29}.Debug|ARM.ActiveCfg = Debug|ARM
		{96486C84-13FC-46C3-AAF5-D5E0A5A33F29}.Debug|ARM.Build.0 = Debug|ARM
		{96486C84-13FC-46C3-AAF5-D5E0A5A33F29}.Debug|ARM.Deploy.0 = Debug|ARM
		{96486C84-13FC-46C3-AAF5-D5E0A5A33F29}.Debug|iPhone.ActiveCfg = Debug|Any CPU
		{96486C84-13FC-46C3-AAF5-D5E0A5A33F29}.Debug|iPhone.Build.0 = Debug|Any CPU
		{96486C84-13FC-46C3-AAF5-D5E0A5A33F29}.Debug|iPhone.Deploy.0 = Debug|Any CPU
		{96486C84-13FC-46C3-AAF5-D5E0A5A33F29}.Debug|iPhoneSimulator.ActiveCfg = Debug|Any CPU
		{96486C84-13FC-46C3-AAF5-D5E0A5A33F29}.Debug|iPhoneSimulator.Build.0 = Debug|Any CPU
		{96486C84-13FC-46C3-AAF5-D5E0A5A33F29}.Debug|iPhoneSimulator.Deploy.0 = Debug|Any CPU
		{96486C84-13FC-46C3-AAF5-D5E0A5A33F29}.Debug|x64.ActiveCfg = Debug|Any CPU
		{96486C84-13FC-46C3-AAF5-D5E0A5A33F29}.Debug|x64.Build.0 = Debug|Any CPU
		{96486C84-13FC-46C3-AAF5-D5E0A5A33F29}.Debug|x64.Deploy.0 = Debug|Any CPU
		{96486C84-13FC-46C3-AAF5-D5E0A5A33F29}.Debug|x86.ActiveCfg = Debug|x86
		{96486C84-13FC-46C3-AAF5-D5E0A5A33F29}.Debug|x86.Build.0 = Debug|x86
		{96486C84-13FC-46C3-AAF5-D5E0A5A33F29}.Debug|x86.Deploy.0 = Debug|x86
		{96486C84-13FC-46C3-AAF5-D5E0A5A33F29}.Release|Any CPU.ActiveCfg = Release|Any CPU
		{96486C84-13FC-46C3-AAF5-D5E0A5A33F29}.Release|Any CPU.Build.0 = Release|Any CPU
		{96486C84-13FC-46C3-AAF5-D5E0A5A33F29}.Release|Any CPU.Deploy.0 = Release|Any CPU
		{96486C84-13FC-46C3-AAF5-D5E0A5A33F29}.Release|ARM.ActiveCfg = Release|ARM
		{96486C84-13FC-46C3-AAF5-D5E0A5A33F29}.Release|ARM.Build.0 = Release|ARM
		{96486C84-13FC-46C3-AAF5-D5E0A5A33F29}.Release|ARM.Deploy.0 = Release|ARM
		{96486C84-13FC-46C3-AAF5-D5E0A5A33F29}.Release|iPhone.ActiveCfg = Release|Any CPU
		{96486C84-13FC-46C3-AAF5-D5E0A5A33F29}.Release|iPhone.Build.0 = Release|Any CPU
		{96486C84-13FC-46C3-AAF5-D5E0A5A33F29}.Release|iPhone.Deploy.0 = Release|Any CPU
		{96486C84-13FC-46C3-AAF5-D5E0A5A33F29}.Release|iPhoneSimulator.ActiveCfg = Release|Any CPU
		{96486C84-13FC-46C3-AAF5-D5E0A5A33F29}.Release|iPhoneSimulator.Build.0 = Release|Any CPU
		{96486C84-13FC-46C3-AAF5-D5E0A5A33F29}.Release|iPhoneSimulator.Deploy.0 = Release|Any CPU
		{96486C84-13FC-46C3-AAF5-D5E0A5A33F29}.Release|x64.ActiveCfg = Release|Any CPU
		{96486C84-13FC-46C3-AAF5-D5E0A5A33F29}.Release|x64.Build.0 = Release|Any CPU
		{96486C84-13FC-46C3-AAF5-D5E0A5A33F29}.Release|x64.Deploy.0 = Release|Any CPU
		{96486C84-13FC-46C3-AAF5-D5E0A5A33F29}.Release|x86.ActiveCfg = Release|x86
		{96486C84-13FC-46C3-AAF5-D5E0A5A33F29}.Release|x86.Build.0 = Release|x86
		{96486C84-13FC-46C3-AAF5-D5E0A5A33F29}.Release|x86.Deploy.0 = Release|x86
		{D8469431-22EF-42BA-8664-8861D037550B}.Ad-Hoc|Any CPU.ActiveCfg = Release|x86
		{D8469431-22EF-42BA-8664-8861D037550B}.Ad-Hoc|Any CPU.Build.0 = Release|x86
		{D8469431-22EF-42BA-8664-8861D037550B}.Ad-Hoc|Any CPU.Deploy.0 = Release|x86
		{D8469431-22EF-42BA-8664-8861D037550B}.Ad-Hoc|ARM.ActiveCfg = Release|ARM
		{D8469431-22EF-42BA-8664-8861D037550B}.Ad-Hoc|ARM.Build.0 = Release|ARM
		{D8469431-22EF-42BA-8664-8861D037550B}.Ad-Hoc|ARM.Deploy.0 = Release|ARM
		{D8469431-22EF-42BA-8664-8861D037550B}.Ad-Hoc|iPhone.ActiveCfg = Release|x86
		{D8469431-22EF-42BA-8664-8861D037550B}.Ad-Hoc|iPhone.Build.0 = Release|x86
		{D8469431-22EF-42BA-8664-8861D037550B}.Ad-Hoc|iPhone.Deploy.0 = Release|x86
		{D8469431-22EF-42BA-8664-8861D037550B}.Ad-Hoc|iPhoneSimulator.ActiveCfg = Release|x86
		{D8469431-22EF-42BA-8664-8861D037550B}.Ad-Hoc|iPhoneSimulator.Build.0 = Release|x86
		{D8469431-22EF-42BA-8664-8861D037550B}.Ad-Hoc|iPhoneSimulator.Deploy.0 = Release|x86
		{D8469431-22EF-42BA-8664-8861D037550B}.Ad-Hoc|x64.ActiveCfg = Release|x64
		{D8469431-22EF-42BA-8664-8861D037550B}.Ad-Hoc|x64.Build.0 = Release|x64
		{D8469431-22EF-42BA-8664-8861D037550B}.Ad-Hoc|x64.Deploy.0 = Release|x64
		{D8469431-22EF-42BA-8664-8861D037550B}.Ad-Hoc|x86.ActiveCfg = Release|x86
		{D8469431-22EF-42BA-8664-8861D037550B}.Ad-Hoc|x86.Build.0 = Release|x86
		{D8469431-22EF-42BA-8664-8861D037550B}.Ad-Hoc|x86.Deploy.0 = Release|x86
		{D8469431-22EF-42BA-8664-8861D037550B}.AppStore|Any CPU.ActiveCfg = Release|x86
		{D8469431-22EF-42BA-8664-8861D037550B}.AppStore|Any CPU.Build.0 = Release|x86
		{D8469431-22EF-42BA-8664-8861D037550B}.AppStore|Any CPU.Deploy.0 = Release|x86
		{D8469431-22EF-42BA-8664-8861D037550B}.AppStore|ARM.ActiveCfg = Release|ARM
		{D8469431-22EF-42BA-8664-8861D037550B}.AppStore|ARM.Build.0 = Release|ARM
		{D8469431-22EF-42BA-8664-8861D037550B}.AppStore|ARM.Deploy.0 = Release|ARM
		{D8469431-22EF-42BA-8664-8861D037550B}.AppStore|iPhone.ActiveCfg = Release|x86
		{D8469431-22EF-42BA-8664-8861D037550B}.AppStore|iPhone.Build.0 = Release|x86
		{D8469431-22EF-42BA-8664-8861D037550B}.AppStore|iPhone.Deploy.0 = Release|x86
		{D8469431-22EF-42BA-8664-8861D037550B}.AppStore|iPhoneSimulator.ActiveCfg = Release|x86
		{D8469431-22EF-42BA-8664-8861D037550B}.AppStore|iPhoneSimulator.Build.0 = Release|x86
		{D8469431-22EF-42BA-8664-8861D037550B}.AppStore|iPhoneSimulator.Deploy.0 = Release|x86
		{D8469431-22EF-42BA-8664-8861D037550B}.AppStore|x64.ActiveCfg = Release|x64
		{D8469431-22EF-42BA-8664-8861D037550B}.AppStore|x64.Build.0 = Release|x64
		{D8469431-22EF-42BA-8664-8861D037550B}.AppStore|x64.Deploy.0 = Release|x64
		{D8469431-22EF-42BA-8664-8861D037550B}.AppStore|x86.ActiveCfg = Release|x86
		{D8469431-22EF-42BA-8664-8861D037550B}.AppStore|x86.Build.0 = Release|x86
		{D8469431-22EF-42BA-8664-8861D037550B}.AppStore|x86.Deploy.0 = Release|x86
		{D8469431-22EF-42BA-8664-8861D037550B}.Debug|Any CPU.ActiveCfg = Debug|x86
		{D8469431-22EF-42BA-8664-8861D037550B}.Debug|ARM.ActiveCfg = Debug|ARM
		{D8469431-22EF-42BA-8664-8861D037550B}.Debug|ARM.Build.0 = Debug|ARM
		{D8469431-22EF-42BA-8664-8861D037550B}.Debug|ARM.Deploy.0 = Debug|ARM
		{D8469431-22EF-42BA-8664-8861D037550B}.Debug|iPhone.ActiveCfg = Debug|x86
		{D8469431-22EF-42BA-8664-8861D037550B}.Debug|iPhoneSimulator.ActiveCfg = Debug|x86
		{D8469431-22EF-42BA-8664-8861D037550B}.Debug|x64.ActiveCfg = Debug|x64
		{D8469431-22EF-42BA-8664-8861D037550B}.Debug|x64.Build.0 = Debug|x64
		{D8469431-22EF-42BA-8664-8861D037550B}.Debug|x64.Deploy.0 = Debug|x64
		{D8469431-22EF-42BA-8664-8861D037550B}.Debug|x86.ActiveCfg = Debug|x86
		{D8469431-22EF-42BA-8664-8861D037550B}.Debug|x86.Build.0 = Debug|x86
		{D8469431-22EF-42BA-8664-8861D037550B}.Debug|x86.Deploy.0 = Debug|x86
		{D8469431-22EF-42BA-8664-8861D037550B}.Release|Any CPU.ActiveCfg = Release|x86
		{D8469431-22EF-42BA-8664-8861D037550B}.Release|ARM.ActiveCfg = Release|ARM
		{D8469431-22EF-42BA-8664-8861D037550B}.Release|ARM.Build.0 = Release|ARM
		{D8469431-22EF-42BA-8664-8861D037550B}.Release|ARM.Deploy.0 = Release|ARM
		{D8469431-22EF-42BA-8664-8861D037550B}.Release|iPhone.ActiveCfg = Release|x86
		{D8469431-22EF-42BA-8664-8861D037550B}.Release|iPhoneSimulator.ActiveCfg = Release|x86
		{D8469431-22EF-42BA-8664-8861D037550B}.Release|x64.ActiveCfg = Release|x64
		{D8469431-22EF-42BA-8664-8861D037550B}.Release|x64.Build.0 = Release|x64
		{D8469431-22EF-42BA-8664-8861D037550B}.Release|x64.Deploy.0 = Release|x64
		{D8469431-22EF-42BA-8664-8861D037550B}.Release|x86.ActiveCfg = Release|x86
		{D8469431-22EF-42BA-8664-8861D037550B}.Release|x86.Build.0 = Release|x86
		{D8469431-22EF-42BA-8664-8861D037550B}.Release|x86.Deploy.0 = Release|x86
		{5824F9FA-13EF-4697-BEB3-725D6F24A590}.Ad-Hoc|Any CPU.ActiveCfg = Release|Any CPU
		{5824F9FA-13EF-4697-BEB3-725D6F24A590}.Ad-Hoc|Any CPU.Build.0 = Release|Any CPU
		{5824F9FA-13EF-4697-BEB3-725D6F24A590}.Ad-Hoc|Any CPU.Deploy.0 = Release|Any CPU
		{5824F9FA-13EF-4697-BEB3-725D6F24A590}.Ad-Hoc|ARM.ActiveCfg = Release|ARM
		{5824F9FA-13EF-4697-BEB3-725D6F24A590}.Ad-Hoc|ARM.Build.0 = Release|ARM
		{5824F9FA-13EF-4697-BEB3-725D6F24A590}.Ad-Hoc|ARM.Deploy.0 = Release|ARM
		{5824F9FA-13EF-4697-BEB3-725D6F24A590}.Ad-Hoc|iPhone.ActiveCfg = Release|Any CPU
		{5824F9FA-13EF-4697-BEB3-725D6F24A590}.Ad-Hoc|iPhone.Build.0 = Release|Any CPU
		{5824F9FA-13EF-4697-BEB3-725D6F24A590}.Ad-Hoc|iPhone.Deploy.0 = Release|Any CPU
		{5824F9FA-13EF-4697-BEB3-725D6F24A590}.Ad-Hoc|iPhoneSimulator.ActiveCfg = Release|Any CPU
		{5824F9FA-13EF-4697-BEB3-725D6F24A590}.Ad-Hoc|iPhoneSimulator.Build.0 = Release|Any CPU
		{5824F9FA-13EF-4697-BEB3-725D6F24A590}.Ad-Hoc|iPhoneSimulator.Deploy.0 = Release|Any CPU
		{5824F9FA-13EF-4697-BEB3-725D6F24A590}.Ad-Hoc|x64.ActiveCfg = Release|x64
		{5824F9FA-13EF-4697-BEB3-725D6F24A590}.Ad-Hoc|x64.Build.0 = Release|x64
		{5824F9FA-13EF-4697-BEB3-725D6F24A590}.Ad-Hoc|x64.Deploy.0 = Release|x64
		{5824F9FA-13EF-4697-BEB3-725D6F24A590}.Ad-Hoc|x86.ActiveCfg = Release|x86
		{5824F9FA-13EF-4697-BEB3-725D6F24A590}.Ad-Hoc|x86.Build.0 = Release|x86
		{5824F9FA-13EF-4697-BEB3-725D6F24A590}.Ad-Hoc|x86.Deploy.0 = Release|x86
		{5824F9FA-13EF-4697-BEB3-725D6F24A590}.AppStore|Any CPU.ActiveCfg = Release|Any CPU
		{5824F9FA-13EF-4697-BEB3-725D6F24A590}.AppStore|Any CPU.Build.0 = Release|Any CPU
		{5824F9FA-13EF-4697-BEB3-725D6F24A590}.AppStore|Any CPU.Deploy.0 = Release|Any CPU
		{5824F9FA-13EF-4697-BEB3-725D6F24A590}.AppStore|ARM.ActiveCfg = Release|ARM
		{5824F9FA-13EF-4697-BEB3-725D6F24A590}.AppStore|ARM.Build.0 = Release|ARM
		{5824F9FA-13EF-4697-BEB3-725D6F24A590}.AppStore|ARM.Deploy.0 = Release|ARM
		{5824F9FA-13EF-4697-BEB3-725D6F24A590}.AppStore|iPhone.ActiveCfg = Release|Any CPU
		{5824F9FA-13EF-4697-BEB3-725D6F24A590}.AppStore|iPhone.Build.0 = Release|Any CPU
		{5824F9FA-13EF-4697-BEB3-725D6F24A590}.AppStore|iPhone.Deploy.0 = Release|Any CPU
		{5824F9FA-13EF-4697-BEB3-725D6F24A590}.AppStore|iPhoneSimulator.ActiveCfg = Release|Any CPU
		{5824F9FA-13EF-4697-BEB3-725D6F24A590}.AppStore|iPhoneSimulator.Build.0 = Release|Any CPU
		{5824F9FA-13EF-4697-BEB3-725D6F24A590}.AppStore|iPhoneSimulator.Deploy.0 = Release|Any CPU
		{5824F9FA-13EF-4697-BEB3-725D6F24A590}.AppStore|x64.ActiveCfg = Release|x64
		{5824F9FA-13EF-4697-BEB3-725D6F24A590}.AppStore|x64.Build.0 = Release|x64
		{5824F9FA-13EF-4697-BEB3-725D6F24A590}.AppStore|x64.Deploy.0 = Release|x64
		{5824F9FA-13EF-4697-BEB3-725D6F24A590}.AppStore|x86.ActiveCfg = Release|x86
		{5824F9FA-13EF-4697-BEB3-725D6F24A590}.AppStore|x86.Build.0 = Release|x86
		{5824F9FA-13EF-4697-BEB3-725D6F24A590}.AppStore|x86.Deploy.0 = Release|x86
		{5824F9FA-13EF-4697-BEB3-725D6F24A590}.Debug|Any CPU.ActiveCfg = Debug|Any CPU
		{5824F9FA-13EF-4697-BEB3-725D6F24A590}.Debug|Any CPU.Build.0 = Debug|Any CPU
		{5824F9FA-13EF-4697-BEB3-725D6F24A590}.Debug|Any CPU.Deploy.0 = Debug|Any CPU
		{5824F9FA-13EF-4697-BEB3-725D6F24A590}.Debug|ARM.ActiveCfg = Debug|ARM
		{5824F9FA-13EF-4697-BEB3-725D6F24A590}.Debug|ARM.Build.0 = Debug|ARM
		{5824F9FA-13EF-4697-BEB3-725D6F24A590}.Debug|ARM.Deploy.0 = Debug|ARM
		{5824F9FA-13EF-4697-BEB3-725D6F24A590}.Debug|iPhone.ActiveCfg = Debug|Any CPU
		{5824F9FA-13EF-4697-BEB3-725D6F24A590}.Debug|iPhone.Build.0 = Debug|Any CPU
		{5824F9FA-13EF-4697-BEB3-725D6F24A590}.Debug|iPhone.Deploy.0 = Debug|Any CPU
		{5824F9FA-13EF-4697-BEB3-725D6F24A590}.Debug|iPhoneSimulator.ActiveCfg = Debug|Any CPU
		{5824F9FA-13EF-4697-BEB3-725D6F24A590}.Debug|iPhoneSimulator.Build.0 = Debug|Any CPU
		{5824F9FA-13EF-4697-BEB3-725D6F24A590}.Debug|iPhoneSimulator.Deploy.0 = Debug|Any CPU
		{5824F9FA-13EF-4697-BEB3-725D6F24A590}.Debug|x64.ActiveCfg = Debug|x64
		{5824F9FA-13EF-4697-BEB3-725D6F24A590}.Debug|x64.Build.0 = Debug|x64
		{5824F9FA-13EF-4697-BEB3-725D6F24A590}.Debug|x64.Deploy.0 = Debug|x64
		{5824F9FA-13EF-4697-BEB3-725D6F24A590}.Debug|x86.ActiveCfg = Debug|x86
		{5824F9FA-13EF-4697-BEB3-725D6F24A590}.Debug|x86.Build.0 = Debug|x86
		{5824F9FA-13EF-4697-BEB3-725D6F24A590}.Debug|x86.Deploy.0 = Debug|x86
		{5824F9FA-13EF-4697-BEB3-725D6F24A590}.Release|Any CPU.ActiveCfg = Release|Any CPU
		{5824F9FA-13EF-4697-BEB3-725D6F24A590}.Release|Any CPU.Build.0 = Release|Any CPU
		{5824F9FA-13EF-4697-BEB3-725D6F24A590}.Release|Any CPU.Deploy.0 = Release|Any CPU
		{5824F9FA-13EF-4697-BEB3-725D6F24A590}.Release|ARM.ActiveCfg = Release|ARM
		{5824F9FA-13EF-4697-BEB3-725D6F24A590}.Release|ARM.Build.0 = Release|ARM
		{5824F9FA-13EF-4697-BEB3-725D6F24A590}.Release|ARM.Deploy.0 = Release|ARM
		{5824F9FA-13EF-4697-BEB3-725D6F24A590}.Release|iPhone.ActiveCfg = Release|Any CPU
		{5824F9FA-13EF-4697-BEB3-725D6F24A590}.Release|iPhone.Build.0 = Release|Any CPU
		{5824F9FA-13EF-4697-BEB3-725D6F24A590}.Release|iPhone.Deploy.0 = Release|Any CPU
		{5824F9FA-13EF-4697-BEB3-725D6F24A590}.Release|iPhoneSimulator.ActiveCfg = Release|Any CPU
		{5824F9FA-13EF-4697-BEB3-725D6F24A590}.Release|iPhoneSimulator.Build.0 = Release|Any CPU
		{5824F9FA-13EF-4697-BEB3-725D6F24A590}.Release|iPhoneSimulator.Deploy.0 = Release|Any CPU
		{5824F9FA-13EF-4697-BEB3-725D6F24A590}.Release|x64.ActiveCfg = Release|x64
		{5824F9FA-13EF-4697-BEB3-725D6F24A590}.Release|x64.Build.0 = Release|x64
		{5824F9FA-13EF-4697-BEB3-725D6F24A590}.Release|x64.Deploy.0 = Release|x64
		{5824F9FA-13EF-4697-BEB3-725D6F24A590}.Release|x86.ActiveCfg = Release|x86
		{5824F9FA-13EF-4697-BEB3-725D6F24A590}.Release|x86.Build.0 = Release|x86
		{5824F9FA-13EF-4697-BEB3-725D6F24A590}.Release|x86.Deploy.0 = Release|x86
		{069BDAB4-67EF-4833-A676-49B390335BE8}.Ad-Hoc|Any CPU.ActiveCfg = Release|Any CPU
		{069BDAB4-67EF-4833-A676-49B390335BE8}.Ad-Hoc|Any CPU.Build.0 = Release|Any CPU
		{069BDAB4-67EF-4833-A676-49B390335BE8}.Ad-Hoc|ARM.ActiveCfg = Release|Any CPU
		{069BDAB4-67EF-4833-A676-49B390335BE8}.Ad-Hoc|ARM.Build.0 = Release|Any CPU
		{069BDAB4-67EF-4833-A676-49B390335BE8}.Ad-Hoc|iPhone.ActiveCfg = Release|Any CPU
		{069BDAB4-67EF-4833-A676-49B390335BE8}.Ad-Hoc|iPhone.Build.0 = Release|Any CPU
		{069BDAB4-67EF-4833-A676-49B390335BE8}.Ad-Hoc|iPhoneSimulator.ActiveCfg = Release|Any CPU
		{069BDAB4-67EF-4833-A676-49B390335BE8}.Ad-Hoc|iPhoneSimulator.Build.0 = Release|Any CPU
		{069BDAB4-67EF-4833-A676-49B390335BE8}.Ad-Hoc|x64.ActiveCfg = Release|Any CPU
		{069BDAB4-67EF-4833-A676-49B390335BE8}.Ad-Hoc|x64.Build.0 = Release|Any CPU
		{069BDAB4-67EF-4833-A676-49B390335BE8}.Ad-Hoc|x86.ActiveCfg = Release|Any CPU
		{069BDAB4-67EF-4833-A676-49B390335BE8}.Ad-Hoc|x86.Build.0 = Release|Any CPU
		{069BDAB4-67EF-4833-A676-49B390335BE8}.AppStore|Any CPU.ActiveCfg = Release|Any CPU
		{069BDAB4-67EF-4833-A676-49B390335BE8}.AppStore|Any CPU.Build.0 = Release|Any CPU
		{069BDAB4-67EF-4833-A676-49B390335BE8}.AppStore|ARM.ActiveCfg = Release|Any CPU
		{069BDAB4-67EF-4833-A676-49B390335BE8}.AppStore|ARM.Build.0 = Release|Any CPU
		{069BDAB4-67EF-4833-A676-49B390335BE8}.AppStore|iPhone.ActiveCfg = Release|Any CPU
		{069BDAB4-67EF-4833-A676-49B390335BE8}.AppStore|iPhone.Build.0 = Release|Any CPU
		{069BDAB4-67EF-4833-A676-49B390335BE8}.AppStore|iPhoneSimulator.ActiveCfg = Release|Any CPU
		{069BDAB4-67EF-4833-A676-49B390335BE8}.AppStore|iPhoneSimulator.Build.0 = Release|Any CPU
		{069BDAB4-67EF-4833-A676-49B390335BE8}.AppStore|x64.ActiveCfg = Release|Any CPU
		{069BDAB4-67EF-4833-A676-49B390335BE8}.AppStore|x64.Build.0 = Release|Any CPU
		{069BDAB4-67EF-4833-A676-49B390335BE8}.AppStore|x86.ActiveCfg = Release|Any CPU
		{069BDAB4-67EF-4833-A676-49B390335BE8}.AppStore|x86.Build.0 = Release|Any CPU
		{069BDAB4-67EF-4833-A676-49B390335BE8}.Debug|Any CPU.ActiveCfg = Debug|Any CPU
		{069BDAB4-67EF-4833-A676-49B390335BE8}.Debug|Any CPU.Build.0 = Debug|Any CPU
		{069BDAB4-67EF-4833-A676-49B390335BE8}.Debug|ARM.ActiveCfg = Debug|Any CPU
		{069BDAB4-67EF-4833-A676-49B390335BE8}.Debug|ARM.Build.0 = Debug|Any CPU
		{069BDAB4-67EF-4833-A676-49B390335BE8}.Debug|iPhone.ActiveCfg = Debug|Any CPU
		{069BDAB4-67EF-4833-A676-49B390335BE8}.Debug|iPhone.Build.0 = Debug|Any CPU
		{069BDAB4-67EF-4833-A676-49B390335BE8}.Debug|iPhoneSimulator.ActiveCfg = Debug|Any CPU
		{069BDAB4-67EF-4833-A676-49B390335BE8}.Debug|iPhoneSimulator.Build.0 = Debug|Any CPU
		{069BDAB4-67EF-4833-A676-49B390335BE8}.Debug|x64.ActiveCfg = Debug|Any CPU
		{069BDAB4-67EF-4833-A676-49B390335BE8}.Debug|x64.Build.0 = Debug|Any CPU
		{069BDAB4-67EF-4833-A676-49B390335BE8}.Debug|x86.ActiveCfg = Debug|Any CPU
		{069BDAB4-67EF-4833-A676-49B390335BE8}.Debug|x86.Build.0 = Debug|Any CPU
		{069BDAB4-67EF-4833-A676-49B390335BE8}.Release|Any CPU.ActiveCfg = Release|Any CPU
		{069BDAB4-67EF-4833-A676-49B390335BE8}.Release|Any CPU.Build.0 = Release|Any CPU
		{069BDAB4-67EF-4833-A676-49B390335BE8}.Release|ARM.ActiveCfg = Release|Any CPU
		{069BDAB4-67EF-4833-A676-49B390335BE8}.Release|ARM.Build.0 = Release|Any CPU
		{069BDAB4-67EF-4833-A676-49B390335BE8}.Release|iPhone.ActiveCfg = Release|Any CPU
		{069BDAB4-67EF-4833-A676-49B390335BE8}.Release|iPhone.Build.0 = Release|Any CPU
		{069BDAB4-67EF-4833-A676-49B390335BE8}.Release|iPhoneSimulator.ActiveCfg = Release|Any CPU
		{069BDAB4-67EF-4833-A676-49B390335BE8}.Release|iPhoneSimulator.Build.0 = Release|Any CPU
		{069BDAB4-67EF-4833-A676-49B390335BE8}.Release|x64.ActiveCfg = Release|Any CPU
		{069BDAB4-67EF-4833-A676-49B390335BE8}.Release|x64.Build.0 = Release|Any CPU
		{069BDAB4-67EF-4833-A676-49B390335BE8}.Release|x86.ActiveCfg = Release|Any CPU
		{069BDAB4-67EF-4833-A676-49B390335BE8}.Release|x86.Build.0 = Release|Any CPU
	EndGlobalSection
	GlobalSection(SolutionProperties) = preSolution
		HideSolutionNode = FALSE
	EndGlobalSection
EndGlobal
